PODS:
  - AFNetworking (3.1.0):
    - AFNetworking/NSURLSession (= 3.1.0)
    - AFNetworking/Reachability (= 3.1.0)
    - AFNetworking/Security (= 3.1.0)
    - AFNetworking/Serialization (= 3.1.0)
    - AFNetworking/UIKit (= 3.1.0)
  - AFNetworking/NSURLSession (3.1.0):
    - AFNetworking/Reachability
    - AFNetworking/Security
    - AFNetworking/Serialization
  - AFNetworking/Reachability (3.1.0)
  - AFNetworking/Security (3.1.0)
  - AFNetworking/Serialization (3.1.0)
  - AFNetworking/UIKit (3.1.0):
    - AFNetworking/NSURLSession
  - IQKeyboardManager (4.0.7)
  - Masonry (1.0.2)
  - MBProgressHUD (0.9.2)
  - MJRefresh (3.1.12)
  - SnapKit (3.0.2)
  - XHToast (1.2.2)

DEPENDENCIES:
  - AFNetworking (~> 3.1.0)
  - IQKeyboardManager (~> 4.0.4)
  - Masonry (~> 1.0.1)
  - MBProgressHUD (~> 0.9.2)
  - MJRefresh (~> 3.1.9)
  - SnapKit (~> 3.0.2)
  - XHToast (~> 1.2)

SPEC CHECKSUMS:
  AFNetworking: 5e0e199f73d8626b11e79750991f5d173d1f8b67
  IQKeyboardManager: 69002bb4fea60596b710e57d426abc00e5063630
  Masonry: 7c429b56da9d4ee0bbb3ed77a5ea710d6a5df39e
  MBProgressHUD: 1569cf7ace17a8bac47aabfbb8580a49690386d1
  MJRefresh: b96cdb21c4aa75a7b07654311ab2f315c497e806
  SnapKit: 2e456761aa92d4d4067a7a5594c18769d451a8ad
  XHToast: f759ee52cfe1ff88fcecb3883638c3cb8450d085

PODFILE CHECKSUM: b8dbe15f5967f6e4376af5473d0951522ac02c28

COCOAPODS: 1.1.1
